
Microsoft Visual Studio Solution File, Format Version 12.00
# Visual Studio Version 17
VisualStudioVersion = 17.0.31912.275
MinimumVisualStudioVersion = 10.0.40219.1
Project("{FAE04EC0-301F-11D3-BF4B-00C04F79EFBC}") = "Calculator", "Calculator\Calculator.csproj", "{FF82556A-2AA2-4CFB-A819-16BAF3A24BBE}"
EndProject
Global
	GlobalSection(SolutionConfigurationPlatforms) = preSolution
		Debug|Any CPU = Debug|Any CPU
		Release|Any CPU = Release|Any CPU
	EndGlobalSection
	GlobalSection(ProjectConfigurationPlatforms) = postSolution
		{FF82556A-2AA2-4CFB-A819-16BAF3A24BBE}.Debug|Any CPU.ActiveCfg = Debug|Any CPU
		{FF82556A-2AA2-4CFB-A819-16BAF3A24BBE}.Debug|Any CPU.Build.0 = Debug|Any CPU
		{FF82556A-2AA2-4CFB-A819-16BAF3A24BBE}.Release|Any CPU.ActiveCfg = Release|Any CPU
		{FF82556A-2AA2-4CFB-A819-16BAF3A24BBE}.Release|Any CPU.Build.0 = Release|Any CPU
	EndGlobalSection
	GlobalSection(SolutionProperties) = preSolution
		HideSolutionNode = FALSE
	EndGlobalSection
	GlobalSection(ExtensibilityGlobals) = postSolution
		SolutionGuid = {1D4B69E9-7E71-4AB9-B98A-0580923B4C16}
	EndGlobalSection
EndGlobal
